# This file is automatically @generated by Cargo.
# It is not intended for manual editing.
[[package]]
name = "complex"
version = "0.0.0"
dependencies = [
 "simple 0.0.0",
]

[[package]]
name = "rust-third-party"
version = "0.0.0"
dependencies = [
 "complex 0.0.0",
 "simple 0.0.0",
]

[[package]]
name = "simple"
version = "0.0.0"

